{
    "_readme": [
        "This file locks the dependencies of your project to a known state",
        "Read more about it at https://getcomposer.org/doc/01-basic-usage.md#installing-dependencies",
        "This file is @generated automatically"
    ],
    "content-hash": "e64a4d6900497e21964358e4e03bf225",
    "packages": [
        {
            "name": "codeigniter4/framework",
            "version": "v4.6.0",
            "source": {
                "type": "git",
                "url": "https://github.com/codeigniter4/framework.git",
                "reference": "96a1e603b9a0f022b0febb2e249eab6971a7e0d5"
            },
            "dist": {
                "type": "zip",
                "url": "https://api.github.com/repos/codeigniter4/framework/zipball/96a1e603b9a0f022b0febb2e249eab6971a7e0d5",
                "reference": "96a1e603b9a0f022b0febb2e249eab6971a7e0d5",
                "shasum": ""
            },
            "require": {
                "ext-intl": "*",
                "ext-mbstring": "*",
                "laminas/laminas-escaper": "^2.14",
                "php": "^8.1",
                "psr/log": "^3.0"
            },
            "require-dev": {
                "codeigniter/coding-standard": "^1.7",
                "fakerphp/faker": "^1.24",
                "friendsofphp/php-cs-fixer": "^3.47.1",
                "kint-php/kint": "^6.0",
                "mikey179/vfsstream": "^1.6.12",
                "nexusphp/cs-config": "^3.6",
                "phpunit/phpunit": "^10.5.16 || ^11.2",
                "predis/predis": "^1.1 || ^2.3"
            },
            "suggest": {
                "ext-curl": "If you use CURLRequest class",
                "ext-dom": "If you use TestResponse",
                "ext-exif": "If you run Image class tests",
                "ext-fileinfo": "Improves mime type detection for files",
                "ext-gd": "If you use Image class GDHandler",
                "ext-imagick": "If you use Image class ImageMagickHandler",
                "ext-libxml": "If you use TestResponse",
                "ext-memcache": "If you use Cache class MemcachedHandler with Memcache",
                "ext-memcached": "If you use Cache class MemcachedHandler with Memcached",
                "ext-mysqli": "If you use MySQL",
                "ext-oci8": "If you use Oracle Database",
                "ext-pgsql": "If you use PostgreSQL",
                "ext-readline": "Improves CLI::input() usability",
                "ext-redis": "If you use Cache class RedisHandler",
                "ext-simplexml": "If you format XML",
                "ext-sodium": "If you use Encryption SodiumHandler",
                "ext-sqlite3": "If you use SQLite3",
                "ext-sqlsrv": "If you use SQL Server",
                "ext-xdebug": "If you use CIUnitTestCase::assertHeaderEmitted()"
            },
            "type": "project",
            "autoload": {
                "psr-4": {
                    "CodeIgniter\\": "system/"
                },
                "exclude-from-classmap": [
                    "**/Database/Migrations/**"
                ]
            },
            "notification-url": "https://packagist.org/downloads/",
            "license": [
                "MIT"
            ],
            "description": "The CodeIgniter framework v4",
            "homepage": "https://codeigniter.com",
            "support": {
                "forum": "https://forum.codeigniter.com/",
                "slack": "https://codeigniterchat.slack.com",
                "source": "https://github.com/codeigniter4/CodeIgniter4"
            },
            "time": "2025-01-19T18:31:34+00:00"
        },
        {
            "name": "illuminate/collections",
            "version": "v12.21.0",
            "source": {
                "type": "git",
                "url": "https://github.com/illuminate/collections.git",
                "reference": "a048b4fbbef4742ff2eee843971bb8278239c610"
            },
            "dist": {
                "type": "zip",
                "url": "https://api.github.com/repos/illuminate/collections/zipball/a048b4fbbef4742ff2eee843971bb8278239c610",
                "reference": "a048b4fbbef4742ff2eee843971bb8278239c610",
                "shasum": ""
            },
            "require": {
                "illuminate/conditionable": "^12.0",
                "illuminate/contracts": "^12.0",
                "illuminate/macroable": "^12.0",
                "php": "^8.2"
            },
            "suggest": {
                "illuminate/http": "Required to convert collections to API resources (^12.0).",
                "symfony/var-dumper": "Required to use the dump method (^7.2)."
            },
            "type": "library",
            "extra": {
                "branch-alias": {
                    "dev-master": "12.x-dev"
                }
            },
            "autoload": {
                "files": [
                    "functions.php",
                    "helpers.php"
                ],
                "psr-4": {
                    "Illuminate\\Support\\": ""
                }
            },
            "notification-url": "https://packagist.org/downloads/",
            "license": [
                "MIT"
            ],
            "authors": [
                {
                    "name": "Taylor Otwell",
                    "email": "taylor@laravel.com"
                }
            ],
            "description": "The Illuminate Collections package.",
            "homepage": "https://laravel.com",
            "support": {
                "issues": "https://github.com/laravel/framework/issues",
                "source": "https://github.com/laravel/framework"
            },
            "time": "2025-07-15T20:29:59+00:00"
        },
        {
            "name": "illuminate/conditionable",
            "version": "v12.21.0",
            "source": {
                "type": "git",
                "url": "https://github.com/illuminate/conditionable.git",
                "reference": "ec677967c1f2faf90b8428919124d2184a4c9b49"
            },
            "dist": {
                "type": "zip",
                "url": "https://api.github.com/repos/illuminate/conditionable/zipball/ec677967c1f2faf90b8428919124d2184a4c9b49",
                "reference": "ec677967c1f2faf90b8428919124d2184a4c9b49",
                "shasum": ""
            },
            "require": {
                "php": "^8.2"
            },
            "type": "library",
            "extra": {
                "branch-alias": {
                    "dev-master": "12.x-dev"
                }
            },
            "autoload": {
                "psr-4": {
                    "Illuminate\\Support\\": ""
                }
            },
            "notification-url": "https://packagist.org/downloads/",
            "license": [
                "MIT"
            ],
            "authors": [
                {
                    "name": "Taylor Otwell",
                    "email": "taylor@laravel.com"
                }
            ],
            "description": "The Illuminate Conditionable package.",
            "homepage": "https://laravel.com",
            "support": {
                "issues": "https://github.com/laravel/framework/issues",
                "source": "https://github.com/laravel/framework"
            },
            "time": "2025-05-13T15:08:45+00:00"
        },
        {
            "name": "illuminate/contracts",
            "version": "v12.21.0",
            "source": {
                "type": "git",
                "url": "https://github.com/illuminate/contracts.git",
                "reference": "c2eef857b808810f5cb187de58e23d25c1d443d9"
            },
            "dist": {
                "type": "zip",
                "url": "https://api.github.com/repos/illuminate/contracts/zipball/c2eef857b808810f5cb187de58e23d25c1d443d9",
                "reference": "c2eef857b808810f5cb187de58e23d25c1d443d9",
                "shasum": ""
            },
            "require": {
                "php": "^8.2",
                "psr/container": "^1.1.1|^2.0.1",
                "psr/simple-cache": "^1.0|^2.0|^3.0"
            },
            "type": "library",
            "extra": {
                "branch-alias": {
                    "dev-master": "12.x-dev"
                }
            },
            "autoload": {
                "psr-4": {
                    "Illuminate\\Contracts\\": ""
                }
            },
            "notification-url": "https://packagist.org/downloads/",
            "license": [
                "MIT"
            ],
            "authors": [
                {
                    "name": "Taylor Otwell",
                    "email": "taylor@laravel.com"
                }
            ],
            "description": "The Illuminate Contracts package.",
            "homepage": "https://laravel.com",
            "support": {
                "issues": "https://github.com/laravel/framework/issues",
                "source": "https://github.com/laravel/framework"
            },
            "time": "2025-07-16T13:18:38+00:00"
        },
        {
            "name": "illuminate/macroable",
            "version": "v12.21.0",
            "source": {
                "type": "git",
                "url": "https://github.com/illuminate/macroable.git",
                "reference": "e862e5648ee34004fa56046b746f490dfa86c613"
            },
            "dist": {
                "type": "zip",
                "url": "https://api.github.com/repos/illuminate/macroable/zipball/e862e5648ee34004fa56046b746f490dfa86c613",
                "reference": "e862e5648ee34004fa56046b746f490dfa86c613",
                "shasum": ""
            },
            "require": {
                "php": "^8.2"
            },
            "type": "library",
            "extra": {
                "branch-alias": {
                    "dev-master": "12.x-dev"
                }
            },
            "autoload": {
                "psr-4": {
                    "Illuminate\\Support\\": ""
                }
            },
            "notification-url": "https://packagist.org/downloads/",
            "license": [
                "MIT"
            ],
            "authors": [
                {
                    "name": "Taylor Otwell",
                    "email": "taylor@laravel.com"
                }
            ],
            "description": "The Illuminate Macroable package.",
            "homepage": "https://laravel.com",
            "support": {
                "issues": "https://github.com/laravel/framework/issues",
                "source": "https://github.com/laravel/framework"
            },
            "time": "2024-07-23T16:31:01+00:00"
        },
        {
            "name": "laminas/laminas-escaper",
            "version": "2.15.0",
            "source": {
                "type": "git",
                "url": "https://github.com/laminas/laminas-escaper.git",
                "reference": "c612b0488ae486284c39885efca494c180f16351"
            },
            "dist": {
                "type": "zip",
                "url": "https://api.github.com/repos/laminas/laminas-escaper/zipball/c612b0488ae486284c39885efca494c180f16351",
                "reference": "c612b0488ae486284c39885efca494c180f16351",
                "shasum": ""
            },
            "require": {
                "ext-ctype": "*",
                "ext-mbstring": "*",
                "php": "~8.1.0 || ~8.2.0 || ~8.3.0 || ~8.4.0"
            },
            "conflict": {
                "zendframework/zend-escaper": "*"
            },
            "require-dev": {
                "infection/infection": "^0.27.11",
                "laminas/laminas-coding-standard": "~3.0.1",
                "maglnet/composer-require-checker": "^3.8.0",
                "phpunit/phpunit": "^9.6.22",
                "psalm/plugin-phpunit": "^0.19.0",
                "vimeo/psalm": "^5.26.1"
            },
            "type": "library",
            "autoload": {
                "psr-4": {
                    "Laminas\\Escaper\\": "src/"
                }
            },
            "notification-url": "https://packagist.org/downloads/",
            "license": [
                "BSD-3-Clause"
            ],
            "description": "Securely and safely escape HTML, HTML attributes, JavaScript, CSS, and URLs",
            "homepage": "https://laminas.dev",
            "keywords": [
                "escaper",
                "laminas"
            ],
            "support": {
                "chat": "https://laminas.dev/chat",
                "docs": "https://docs.laminas.dev/laminas-escaper/",
                "forum": "https://discourse.laminas.dev",
                "issues": "https://github.com/laminas/laminas-escaper/issues",
                "rss": "https://github.com/laminas/laminas-escaper/releases.atom",
                "source": "https://github.com/laminas/laminas-escaper"
            },
            "funding": [
                {
                    "url": "https://funding.communitybridge.org/projects/laminas-project",
                    "type": "community_bridge"
                }
            ],
            "time": "2024-12-17T19:39:54+00:00"
        },
        {
            "name": "psr/container",
            "version": "2.0.2",
            "source": {
                "type": "git",
                "url": "https://github.com/php-fig/container.git",
                "reference": "c71ecc56dfe541dbd90c5360474fbc405f8d5963"
            },
            "dist": {
                "type": "zip",
                "url": "https://api.github.com/repos/php-fig/container/zipball/c71ecc56dfe541dbd90c5360474fbc405f8d5963",
                "reference": "c71ecc56dfe541dbd90c5360474fbc405f8d5963",
                "shasum": ""
            },
            "require": {
                "php": ">=7.4.0"
            },
            "type": "library",
            "extra": {
                "branch-alias": {
                    "dev-master": "2.0.x-dev"
                }
            },
            "autoload": {
                "psr-4": {
                    "Psr\\Container\\": "src/"
                }
            },
            "notification-url": "https://packagist.org/downloads/",
            "license": [
                "MIT"
            ],
            "authors": [
                {
                    "name": "PHP-FIG",
                    "homepage": "https://www.php-fig.org/"
                }
            ],
            "description": "Common Container Interface (PHP FIG PSR-11)",
            "homepage": "https://github.com/php-fig/container",
            "keywords": [
                "PSR-11",
                "container",
                "container-interface",
                "container-interop",
                "psr"
            ],
            "support": {
                "issues": "https://github.com/php-fig/container/issues",
                "source": "https://github.com/php-fig/container/tree/2.0.2"
            },
            "time": "2021-11-05T16:47:00+00:00"
        },
        {
            "name": "psr/log",
            "version": "3.0.2",
            "source": {
                "type": "git",
                "url": "https://github.com/php-fig/log.git",
                "reference": "f16e1d5863e37f8d8c2a01719f5b34baa2b714d3"
            },
            "dist": {
                "type": "zip",
                "url": "https://api.github.com/repos/php-fig/log/zipball/f16e1d5863e37f8d8c2a01719f5b34baa2b714d3",
                "reference": "f16e1d5863e37f8d8c2a01719f5b34baa2b714d3",
                "shasum": ""
            },
            "require": {
                "php": ">=8.0.0"
            },
            "type": "library",
            "extra": {
                "branch-alias": {
                    "dev-master": "3.x-dev"
                }
            },
            "autoload": {
                "psr-4": {
                    "Psr\\Log\\": "src"
                }
            },
            "notification-url": "https://packagist.org/downloads/",
            "license": [
                "MIT"
            ],
            "authors": [
                {
                    "name": "PHP-FIG",
                    "homepage": "https://www.php-fig.org/"
                }
            ],
            "description": "Common interface for logging libraries",
            "homepage": "https://github.com/php-fig/log",
            "keywords": [
                "log",
                "psr",
                "psr-3"
            ],
            "support": {
                "source": "https://github.com/php-fig/log/tree/3.0.2"
            },
            "time": "2024-09-11T13:17:53+00:00"
        },
        {
            "name": "psr/simple-cache",
            "version": "3.0.0",
            "source": {
                "type": "git",
                "url": "https://github.com/php-fig/simple-cache.git",
                "reference": "764e0b3939f5ca87cb904f570ef9be2d78a07865"
            },
            "dist": {
                "type": "zip",
                "url": "https://api.github.com/repos/php-fig/simple-cache/zipball/764e0b3939f5ca87cb904f570ef9be2d78a07865",
                "reference": "764e0b3939f5ca87cb904f570ef9be2d78a07865",
                "shasum": ""
            },
            "require": {
                "php": ">=8.0.0"
            },
            "type": "library",
            "extra": {
                "branch-alias": {
                    "dev-master": "3.0.x-dev"
                }
            },
            "autoload": {
                "psr-4": {
                    "Psr\\SimpleCache\\": "src/"
                }
            },
            "notification-url": "https://packagist.org/downloads/",
            "license": [
                "MIT"
            ],
            "authors": [
                {
                    "name": "PHP-FIG",
                    "homepage": "https://www.php-fig.org/"
                }
            ],
            "description": "Common interfaces for simple caching",
            "keywords": [
                "cache",
                "caching",
                "psr",
                "psr-16",
                "simple-cache"
            ],
            "support": {
                "source": "https://github.com/php-fig/simple-cache/tree/3.0.0"
            },
            "time": "2021-10-29T13:26:27+00:00"
        }
    ],
    "packages-dev": [],
    "aliases": [],
    "minimum-stability": "stable",
    "stability-flags": [],
    "prefer-stable": false,
    "prefer-lowest": false,
    "platform": {
        "php": "^8.0"
    },
    "platform-dev": [],
    "plugin-api-version": "2.6.0"
}
